
Microsoft Visual Studio Solution File, Format Version 12.00
# Visual Studio Version 16
VisualStudioVersion = 16.0.33801.447
MinimumVisualStudioVersion = 10.0.40219.1
Project("{FAE04EC0-301F-11D3-BF4B-00C04F79EFBC}") = "CuteCat", "CuteCat\CuteCat.csproj", "{DA413B07-78D7-4C20-8088-05B418399DC2}"
EndProject
Global
	GlobalSection(SolutionConfigurationPlatforms) = preSolution
		Debug|Any CPU = Debug|Any CPU
		Release|Any CPU = Release|Any CPU
	EndGlobalSection
	GlobalSection(ProjectConfigurationPlatforms) = postSolution
		{DA413B07-78D7-4C20-8088-05B418399DC2}.Debug|Any CPU.ActiveCfg = Debug|Any CPU
		{DA413B07-78D7-4C20-8088-05B418399DC2}.Debug|Any CPU.Build.0 = Debug|Any CPU
		{DA413B07-78D7-4C20-8088-05B418399DC2}.Release|Any CPU.ActiveCfg = Release|Any CPU
		{DA413B07-78D7-4C20-8088-05B418399DC2}.Release|Any CPU.Build.0 = Release|Any CPU
	EndGlobalSection
	GlobalSection(SolutionProperties) = preSolution
		HideSolutionNode = FALSE
	EndGlobalSection
	GlobalSection(ExtensibilityGlobals) = postSolution
		SolutionGuid = {954DF3AA-3940-4CD0-A149-ED316F770C52}
	EndGlobalSection
EndGlobal
